
Microsoft Visual Studio Solution File, Format Version 12.00
# Visual Studio Version 17
VisualStudioVersion = 17.3.32811.315
MinimumVisualStudioVersion = 10.0.40219.1
Project("{8BC9CEB8-8B4A-11D0-8D11-00A0C91BC942}") = "HW6_Graph_Template", "HW6_Graph_Template\HW6_Graph_Template.vcxproj", "{AB712A4F-DD32-4AD5-83A2-9CE545FCC43C}"
EndProject
Global
	GlobalSection(SolutionConfigurationPlatforms) = preSolution
		Debug|x64 = Debug|x64
		Debug|x86 = Debug|x86
		Release|x64 = Release|x64
		Release|x86 = Release|x86
	EndGlobalSection
	GlobalSection(ProjectConfigurationPlatforms) = postSolution
		{AB712A4F-DD32-4AD5-83A2-9CE545FCC43C}.Debug|x64.ActiveCfg = Debug|x64
		{AB712A4F-DD32-4AD5-83A2-9CE545FCC43C}.Debug|x64.Build.0 = Debug|x64
		{AB712A4F-DD32-4AD5-83A2-9CE545FCC43C}.Debug|x86.ActiveCfg = Debug|Win32
		{AB712A4F-DD32-4AD5-83A2-9CE545FCC43C}.Debug|x86.Build.0 = Debug|Win32
		{AB712A4F-DD32-4AD5-83A2-9CE545FCC43C}.Release|x64.ActiveCfg = Release|x64
		{AB712A4F-DD32-4AD5-83A2-9CE545FCC43C}.Release|x64.Build.0 = Release|x64
		{AB712A4F-DD32-4AD5-83A2-9CE545FCC43C}.Release|x86.ActiveCfg = Release|Win32
		{AB712A4F-DD32-4AD5-83A2-9CE545FCC43C}.Release|x86.Build.0 = Release|Win32
	EndGlobalSection
	GlobalSection(SolutionProperties) = preSolution
		HideSolutionNode = FALSE
	EndGlobalSection
	GlobalSection(ExtensibilityGlobals) = postSolution
		SolutionGuid = {99B87A11-F7B2-471C-AF34-068D27193213}
	EndGlobalSection
EndGlobal
