
Microsoft Visual Studio Solution File, Format Version 12.00
# Visual Studio Version 17
VisualStudioVersion = 17.3.32811.315
MinimumVisualStudioVersion = 10.0.40219.1
Project("{8BC9CEB8-8B4A-11D0-8D11-00A0C91BC942}") = "hw1_sparseMatrix", "hw1_sparseMatrix\hw1_sparseMatrix.vcxproj", "{ECCEEE4C-1846-40ED-996A-3488F05CC577}"
EndProject
Global
	GlobalSection(SolutionConfigurationPlatforms) = preSolution
		Debug|x64 = Debug|x64
		Debug|x86 = Debug|x86
		Release|x64 = Release|x64
		Release|x86 = Release|x86
	EndGlobalSection
	GlobalSection(ProjectConfigurationPlatforms) = postSolution
		{ECCEEE4C-1846-40ED-996A-3488F05CC577}.Debug|x64.ActiveCfg = Debug|x64
		{ECCEEE4C-1846-40ED-996A-3488F05CC577}.Debug|x64.Build.0 = Debug|x64
		{ECCEEE4C-1846-40ED-996A-3488F05CC577}.Debug|x86.ActiveCfg = Debug|Win32
		{ECCEEE4C-1846-40ED-996A-3488F05CC577}.Debug|x86.Build.0 = Debug|Win32
		{ECCEEE4C-1846-40ED-996A-3488F05CC577}.Release|x64.ActiveCfg = Release|x64
		{ECCEEE4C-1846-40ED-996A-3488F05CC577}.Release|x64.Build.0 = Release|x64
		{ECCEEE4C-1846-40ED-996A-3488F05CC577}.Release|x86.ActiveCfg = Release|Win32
		{ECCEEE4C-1846-40ED-996A-3488F05CC577}.Release|x86.Build.0 = Release|Win32
	EndGlobalSection
	GlobalSection(SolutionProperties) = preSolution
		HideSolutionNode = FALSE
	EndGlobalSection
	GlobalSection(ExtensibilityGlobals) = postSolution
		SolutionGuid = {D8CDC0F1-7349-4795-B8EE-7A2D135B0E03}
	EndGlobalSection
EndGlobal
